
Microsoft Visual Studio Solution File, Format Version 12.00
# Visual Studio Version 17
VisualStudioVersion = 17.4.33213.308
MinimumVisualStudioVersion = 10.0.40219.1
Project("{9A19103F-16F7-4668-BE54-9A1E7A4F7556}") = "Columbus.Welkom.Client", "Columbus.Welkom\Client\Columbus.Welkom.Client.csproj", "{78022A1E-73B8-4297-92AB-8B7803C665CC}"
EndProject
Global
	GlobalSection(SolutionConfigurationPlatforms) = preSolution
		Debug|Any CPU = Debug|Any CPU
		Release|Any CPU = Release|Any CPU
	EndGlobalSection
	GlobalSection(ProjectConfigurationPlatforms) = postSolution
		{78022A1E-73B8-4297-92AB-8B7803C665CC}.Debug|Any CPU.ActiveCfg = Debug|Any CPU
		{78022A1E-73B8-4297-92AB-8B7803C665CC}.Debug|Any CPU.Build.0 = Debug|Any CPU
		{78022A1E-73B8-4297-92AB-8B7803C665CC}.Release|Any CPU.ActiveCfg = Release|Any CPU
		{78022A1E-73B8-4297-92AB-8B7803C665CC}.Release|Any CPU.Build.0 = Release|Any CPU
	EndGlobalSection
	GlobalSection(SolutionProperties) = preSolution
		HideSolutionNode = FALSE
	EndGlobalSection
	GlobalSection(ExtensibilityGlobals) = postSolution
		SolutionGuid = {D4BC4212-C5C7-46FA-8F35-53C9D828F48C}
	EndGlobalSection
EndGlobal
